<?xml version="1.0" encoding="utf-8"?>
<Project ToolsVersion="4.0" xmlns="http://schemas.microsoft.com/developer/msbuild/2003">
  <ItemGroup>
    <Filter Include="Source Files">
      <UniqueIdentifier>{4FC737F1-C7A5-4376-A066-2A32D752A2FF}</UniqueIdentifier>
      <Extensions>cpp;c;cc;cxx;c++;cppm;ixx;def;odl;idl;hpj;bat;asm;asmx</Extensions>
    </Filter>
    <Filter Include="Header Files">
      <UniqueIdentifier>{93995380-89BD-4b04-88EB-625FBE52EBFB}</UniqueIdentifier>
      <Extensions>h;hh;hpp;hxx;h++;hm;inl;inc;ipp;xsd</Extensions>
    </Filter>
    <Filter Include="Resource Files">
      <UniqueIdentifier>{67DA6AB6-F800-4c08-8B7A-83BB121AAD01}</UniqueIdentifier>
      <Extensions>rc;ico;cur;bmp;dlg;rc2;rct;bin;rgs;gif;jpg;jpeg;jpe;resx;tiff;tif;png;wav;mfcribbon-ms</Extensions>
    </Filter>
  </ItemGroup>
  <ItemGroup>
    <ClCompile Include="src\Application.cpp">
      <Filter>Source Files</Filter>
    </ClCompile>
    <ClCompile Include="src\Boids.cpp">
      <Filter>Source Files</Filter>
    </ClCompile>
    <ClCompile Include="src\Shader_Loader.cpp">
      <Filter>Source Files</Filter>
    </ClCompile>
    <ClCompile Include="src\Render_Utils.cpp">
      <Filter>Source Files</Filter>
    </ClCompile>
    <ClCompile Include="src\Camera.cpp">
      <Filter>Source Files</Filter>
    </ClCompile>
    <ClCompile Include="src\Terrain.cpp">
      <Filter>Source Files</Filter>
    </ClCompile>
    <ClCompile Include="src\TextureLoader.cpp">
      <Filter>Source Files</Filter>
    </ClCompile>
    <ClCompile Include="src\Skybox.cpp">
      <Filter>Source Files</Filter>
    </ClCompile>
    <ClCompile Include="src\ShadowMap.cpp">
      <Filter>Source Files</Filter>
    </ClCompile>
  </ItemGroup>
  <ItemGroup>
    <ClInclude Include="src\Headers\Boids.h">
      <Filter>Header Files</Filter>
    </ClInclude>
    <ClInclude Include="src\Headers\Shader_Loader.h">
      <Filter>Header Files</Filter>
    </ClInclude>
    <ClInclude Include="src\Headers\Render_Utils.h">
      <Filter>Header Files</Filter>
    </ClInclude>
    <ClInclude Include="src\hpp\Project.hpp">
      <Filter>Header Files</Filter>
    </ClInclude>
    <ClInclude Include="src\Headers\objload.h">
      <Filter>Header Files</Filter>
    </ClInclude>
    <ClInclude Include="src\Headers\Camera.h">
      <Filter>Header Files</Filter>
    </ClInclude>
    <ClInclude Include="src\hpp\Terrain.hpp">
      <Filter>Header Files</Filter>
    </ClInclude>
    <ClInclude Include="src\hpp\TextureLoader.hpp">
      <Filter>Header Files</Filter>
    </ClInclude>
    <ClInclude Include="src\hpp\Skybox.hpp">
      <Filter>Header Files</Filter>
    </ClInclude>
    <ClInclude Include="src\Headers\Texture.h">
      <Filter>Header Files</Filter>
    </ClInclude>
    <ClInclude Include="src\hpp\ShadowMap.hpp">
      <Filter>Header Files</Filter>
    </ClInclude>
  </ItemGroup>
  <ItemGroup>
    <None Include="src\Shaders\skybox.vert" />
    <None Include="src\Shaders\skybox.frag" />
    <None Include="src\Textures\Terrain\PavningStone\PavingStones138_1K-PNG.mtlx" />
    <None Include="src\Textures\Terrain\PavningStone\PavingStones138_1K-PNG.usdc" />
    <None Include="src\Shaders\shader.vert" />
    <None Include="src\Shaders\shader.frag" />
    <None Include="src\Shaders\shadow.vert" />
    <None Include="src\Shaders\shadow.frag" />
  </ItemGroup>
  <ItemGroup>
    <Image Include="src\Textures\Skybox\bottom.jpg">
      <Filter>Resource Files</Filter>
    </Image>
    <Image Include="src\Textures\Skybox\back.jpg">
      <Filter>Resource Files</Filter>
    </Image>
    <Image Include="src\Textures\Skybox\front.jpg">
      <Filter>Resource Files</Filter>
    </Image>
    <Image Include="src\Textures\Skybox\left.jpg">
      <Filter>Resource Files</Filter>
    </Image>
    <Image Include="src\Textures\Skybox\right.jpg">
      <Filter>Resource Files</Filter>
    </Image>
    <Image Include="src\Textures\Skybox\top.jpg">
      <Filter>Resource Files</Filter>
    </Image>
    <Image Include="src\Textures\Terrain\PavningStone\ps.png">
      <Filter>Resource Files</Filter>
    </Image>
    <Image Include="src\Textures\Terrain\PavningStone\ps_AmbientOcclusion.png">
      <Filter>Resource Files</Filter>
    </Image>
    <Image Include="src\Textures\Terrain\PavningStone\ps_Color.png">
      <Filter>Resource Files</Filter>
    </Image>
    <Image Include="src\Textures\Terrain\PavningStone\ps_Displacement.png">
      <Filter>Resource Files</Filter>
    </Image>
    <Image Include="src\Textures\Terrain\PavningStone\ps_NormalDX.png">
      <Filter>Resource Files</Filter>
    </Image>
    <Image Include="src\Textures\Terrain\PavningStone\ps_NormalGL.png">
      <Filter>Resource Files</Filter>
    </Image>
    <Image Include="src\Textures\Terrain\PavningStone\ps_Roughness.png">
      <Filter>Resource Files</Filter>
    </Image>
    <Image Include="src\Textures\Terrain\Heightmaps\iceland_heightmap.png">
      <Filter>Resource Files</Filter>
    </Image>
    <Image Include="src\Textures\Terrain\Heightmaps\heightmap.png">
      <Filter>Resource Files</Filter>
    </Image>
    <Image Include="src\Textures\Terrain\Grass\Grass001.png">
      <Filter>Resource Files</Filter>
    </Image>
    <Image Include="src\Textures\Terrain\Grass\Grass001_1K-PNG_AmbientOcclusion.png">
      <Filter>Resource Files</Filter>
    </Image>
    <Image Include="src\Textures\Terrain\Grass\Grass001_1K-PNG_Color.png">
      <Filter>Resource Files</Filter>
    </Image>
    <Image Include="src\Textures\Terrain\Grass\Grass001_1K-PNG_Displacement.png">
      <Filter>Resource Files</Filter>
    </Image>
    <Image Include="src\Textures\Terrain\Grass\Grass001_1K-PNG_NormalDX.png">
      <Filter>Resource Files</Filter>
    </Image>
    <Image Include="src\Textures\Terrain\Grass\Grass001_1K-PNG_NormalGL.png">
      <Filter>Resource Files</Filter>
    </Image>
    <Image Include="src\Textures\Terrain\Grass\Grass001_1K-PNG_Roughness.png">
      <Filter>Resource Files</Filter>
    </Image>
    <Image Include="src\Textures\Terrain\Rock\Rock020_1K-PNG_AmbientOcclusion.png">
      <Filter>Resource Files</Filter>
    </Image>
    <Image Include="src\Textures\Terrain\Rock\Rock020_1K-PNG_Color.png">
      <Filter>Resource Files</Filter>
    </Image>
    <Image Include="src\Textures\Terrain\Rock\Rock020_1K-PNG_Displacement.png">
      <Filter>Resource Files</Filter>
    </Image>
    <Image Include="src\Textures\Terrain\Rock\Rock020_1K-PNG_NormalDX.png">
      <Filter>Resource Files</Filter>
    </Image>
    <Image Include="src\Textures\Terrain\Rock\Rock020_1K-PNG_NormalGL.png">
      <Filter>Resource Files</Filter>
    </Image>
    <Image Include="src\Textures\Terrain\Rock\Rock020_1K-PNG_Roughness.png">
      <Filter>Resource Files</Filter>
    </Image>
    <Image Include="src\Textures\Terrain\Snow\Snow008A_1K-PNG_AmbientOcclusion.png">
      <Filter>Resource Files</Filter>
    </Image>
    <Image Include="src\Textures\Terrain\Snow\Snow008A_1K-PNG_Color.png">
      <Filter>Resource Files</Filter>
    </Image>
    <Image Include="src\Textures\Terrain\Snow\Snow008A_1K-PNG_Displacement.png">
      <Filter>Resource Files</Filter>
    </Image>
    <Image Include="src\Textures\Terrain\Snow\Snow008A_1K-PNG_NormalDX.png">
      <Filter>Resource Files</Filter>
    </Image>
    <Image Include="src\Textures\Terrain\Snow\Snow008A_1K-PNG_NormalGL.png">
      <Filter>Resource Files</Filter>
    </Image>
    <Image Include="src\Textures\Terrain\Snow\Snow008A_1K-PNG_Roughness.png">
      <Filter>Resource Files</Filter>
    </Image>
  </ItemGroup>
</Project>